# This file is automatically @generated by Poetry 2.2.1 and should not be changed by hand.

[[package]]
name = "advent-of-code-data"
version = "2.1.0"
description = "Get your puzzle data with a single import"
optional = false
python-versions = ">=3.9"
groups = ["main"]
files = [
    {file = "advent_of_code_data-2.1.0-py3-none-any.whl", hash = "sha256:1e0457338a9572e610f72da8aad8b06f778311a69b0ec676bf2e5db8328f4d45"},
    {file = "advent_of_code_data-2.1.0.tar.gz", hash = "sha256:947e6583f581ed184873aac835b333fc39a5712cce606c67532f9d43253a98e2"},
]

[package.dependencies]
aocd-example-parser = ">=2023.12.24"
beautifulsoup4 = "*"
pebble = "*"
tzdata = {version = "*", markers = "platform_system == \"Windows\""}
urllib3 = "*"

[package.extras]
nb = ["IPython", "jupyter-server"]

[[package]]
name = "aocd"
version = "0.1"
description = "dummy name to pull advent-of-code-data"
optional = false
python-versions = "*"
groups = ["main"]
files = [
    {file = "aocd-0.1-py2.py3-none-any.whl", hash = "sha256:daf2f8f9b0d96dc7a569987c12889d482c4213cd336c79ebb9d9ea23803f8871"},
]

[package.dependencies]
advent-of-code-data = "*"

[[package]]
name = "aocd-example-parser"
version = "2024.12.25"
description = "Implementation of example parser plugins for advent-of-code-data"
optional = false
python-versions = ">=3.9"
groups = ["main"]
files = [
    {file = "aocd_example_parser-2024.12.25-py3-none-any.whl", hash = "sha256:6447dfb0b7d89bd901ed1c99d6c1c8d74a3b519b81f3db0e4116ca0ba9f5cb08"},
    {file = "aocd_example_parser-2024.12.25.tar.gz", hash = "sha256:51aa57aee98026164c063ffd943cb9a488787fd2d19779362bea04f9cd386984"},
]

[[package]]
name = "appdirs"
version = "1.4.4"
description = "A small Python module for determining appropriate platform-specific dirs, e.g. a \"user data dir\"."
optional = false
python-versions = "*"
groups = ["dev"]
files = [
    {file = "appdirs-1.4.4-py2.py3-none-any.whl", hash = "sha256:a841dacd6b99318a741b166adb07e19ee71a274450e68237b4650ca1055ab128"},
    {file = "appdirs-1.4.4.tar.gz", hash = "sha256:7d5d0167b2b1ba821647616af46a749d1c653740dd0d2415100fe26e27afdf41"},
]

[[package]]
name = "beautifulsoup4"
version = "4.13.5"
description = "Screen-scraping library"
optional = false
python-versions = ">=3.7.0"
groups = ["main"]
files = [
    {file = "beautifulsoup4-4.13.5-py3-none-any.whl", hash = "sha256:642085eaa22233aceadff9c69651bc51e8bf3f874fb6d7104ece2beb24b47c4a"},
    {file = "beautifulsoup4-4.13.5.tar.gz", hash = "sha256:5e70131382930e7c3de33450a2f54a63d5e4b19386eab43a5b34d594268f3695"},
]

[package.dependencies]
soupsieve = ">1.2"
typing-extensions = ">=4.0.0"

[package.extras]
cchardet = ["cchardet"]
chardet = ["chardet"]
charset-normalizer = ["charset-normalizer"]
html5lib = ["html5lib"]
lxml = ["lxml"]

[[package]]
name = "browser-cookie3"
version = "0.20.1"
description = "Loads cookies from your browser into a cookiejar object so can download with urllib and other libraries the same content you see in the web browser."
optional = false
python-versions = "*"
groups = ["main"]
files = [
    {file = "browser_cookie3-0.20.1-py3-none-any.whl", hash = "sha256:4b38bf669d386250733c8339f0036e1cf09c3d8e4d326fd507b9afb84def13d6"},
    {file = "browser_cookie3-0.20.1.tar.gz", hash = "sha256:6d8d0744bf42a5327c951bdbcf77741db3455b8b4e840e18bab266d598368a12"},
]

[package.dependencies]
jeepney = {version = "*", markers = "python_version >= \"3.7\" and (\"bsd\" in sys_platform or sys_platform == \"linux\")"}
lz4 = "*"
pycryptodomex = "*"
shadowcopy = {version = "*", markers = "python_version >= \"3.7\" and platform_system == \"Windows\""}

[[package]]
name = "click"
version = "8.2.1"
description = "Composable command line interface toolkit"
optional = false
python-versions = ">=3.10"
groups = ["main"]
files = [
    {file = "click-8.2.1-py3-none-any.whl", hash = "sha256:61a3265b914e850b85317d0b3109c7f8cd35a670f963866005d6ef1d5175a12b"},
    {file = "click-8.2.1.tar.gz", hash = "sha256:27c491cc05d968d271d5a1db13e3b5a184636d9d930f148c50b038f0d0646202"},
]

[package.dependencies]
colorama = {version = "*", markers = "platform_system == \"Windows\""}

[[package]]
name = "colorama"
version = "0.4.6"
description = "Cross-platform colored terminal text."
optional = false
python-versions = "!=3.0.*,!=3.1.*,!=3.2.*,!=3.3.*,!=3.4.*,!=3.5.*,!=3.6.*,>=2.7"
groups = ["main", "dev"]
files = [
    {file = "colorama-0.4.6-py2.py3-none-any.whl", hash = "sha256:4f1d9991f5acc0ca119f9d443620b77f9d6b33703e51011c16baf57afb285fc6"},
    {file = "colorama-0.4.6.tar.gz", hash = "sha256:08695f5cb7ed6e0531a20572697297273c47b8cae5a63ffc6d6ed5c201be6e44"},
]
markers = {main = "sys_platform == \"win32\" or platform_system == \"Windows\"", dev = "sys_platform == \"win32\""}

[[package]]
name = "iniconfig"
version = "2.1.0"
description = "brain-dead simple config-ini parsing"
optional = false
python-versions = ">=3.8"
groups = ["dev"]
files = [
    {file = "iniconfig-2.1.0-py3-none-any.whl", hash = "sha256:9deba5723312380e77435581c6bf4935c94cbfab9b1ed33ef8d238ea168eb760"},
    {file = "iniconfig-2.1.0.tar.gz", hash = "sha256:3abbd2e30b36733fee78f9c7f7308f2d0050e88f0087fd25c2645f63c773e1c7"},
]

[[package]]
name = "jedi"
version = "0.19.2"
description = "An autocompletion tool for Python that can be used for text editors."
optional = false
python-versions = ">=3.6"
groups = ["dev"]
files = [
    {file = "jedi-0.19.2-py2.py3-none-any.whl", hash = "sha256:a8ef22bde8490f57fe5c7681a3c83cb58874daf72b4784de3cce5b6ef6edb5b9"},
    {file = "jedi-0.19.2.tar.gz", hash = "sha256:4770dc3de41bde3966b02eb84fbcf557fb33cce26ad23da12c742fb50ecb11f0"},
]

[package.dependencies]
parso = ">=0.8.4,<0.9.0"

[package.extras]
docs = ["Jinja2 (==2.11.3)", "MarkupSafe (==1.1.1)", "Pygments (==2.8.1)", "alabaster (==0.7.12)", "babel (==2.9.1)", "chardet (==4.0.0)", "commonmark (==0.8.1)", "docutils (==0.17.1)", "future (==0.18.2)", "idna (==2.10)", "imagesize (==1.2.0)", "mock (==1.0.1)", "packaging (==20.9)", "pyparsing (==2.4.7)", "pytz (==2021.1)", "readthedocs-sphinx-ext (==2.1.4)", "recommonmark (==0.5.0)", "requests (==2.25.1)", "six (==1.15.0)", "snowballstemmer (==2.1.0)", "sphinx (==1.8.5)", "sphinx-rtd-theme (==0.4.3)", "sphinxcontrib-serializinghtml (==1.1.4)", "sphinxcontrib-websupport (==1.2.4)", "urllib3 (==1.26.4)"]
qa = ["flake8 (==5.0.4)", "mypy (==0.971)", "types-setuptools (==67.2.0.1)"]
testing = ["Django", "attrs", "colorama", "docopt", "pytest (<9.0.0)"]

[[package]]
name = "jeepney"
version = "0.9.0"
description = "Low-level, pure Python DBus protocol wrapper."
optional = false
python-versions = ">=3.7"
groups = ["main"]
markers = "\"bsd\" in sys_platform or sys_platform == \"linux\""
files = [
    {file = "jeepney-0.9.0-py3-none-any.whl", hash = "sha256:97e5714520c16fc0a45695e5365a2e11b81ea79bba796e26f9f1d178cb182683"},
    {file = "jeepney-0.9.0.tar.gz", hash = "sha256:cf0e9e845622b81e4a28df94c40345400256ec608d0e55bb8a3feaa9163f5732"},
]

[package.extras]
test = ["async-timeout ; python_version < \"3.11\"", "pytest", "pytest-asyncio (>=0.17)", "pytest-trio", "testpath", "trio"]
trio = ["trio"]

[[package]]
name = "loguru"
version = "0.7.3"
description = "Python logging made (stupidly) simple"
optional = false
python-versions = "<4.0,>=3.5"
groups = ["main"]
files = [
    {file = "loguru-0.7.3-py3-none-any.whl", hash = "sha256:31a33c10c8e1e10422bfd431aeb5d351c7cf7fa671e3c4df004162264b28220c"},
    {file = "loguru-0.7.3.tar.gz", hash = "sha256:19480589e77d47b8d85b2c827ad95d49bf31b0dcde16593892eb51dd18706eb6"},
]

[package.dependencies]
colorama = {version = ">=0.3.4", markers = "sys_platform == \"win32\""}
win32-setctime = {version = ">=1.0.0", markers = "sys_platform == \"win32\""}

[package.extras]
dev = ["Sphinx (==8.1.3) ; python_version >= \"3.11\"", "build (==1.2.2) ; python_version >= \"3.11\"", "colorama (==0.4.5) ; python_version < \"3.8\"", "colorama (==0.4.6) ; python_version >= \"3.8\"", "exceptiongroup (==1.1.3) ; python_version >= \"3.7\" and python_version < \"3.11\"", "freezegun (==1.1.0) ; python_version < \"3.8\"", "freezegun (==1.5.0) ; python_version >= \"3.8\"", "mypy (==v0.910) ; python_version < \"3.6\"", "mypy (==v0.971) ; python_version == \"3.6\"", "mypy (==v1.13.0) ; python_version >= \"3.8\"", "mypy (==v1.4.1) ; python_version == \"3.7\"", "myst-parser (==4.0.0) ; python_version >= \"3.11\"", "pre-commit (==4.0.1) ; python_version >= \"3.9\"", "pytest (==6.1.2) ; python_version < \"3.8\"", "pytest (==8.3.2) ; python_version >= \"3.8\"", "pytest-cov (==2.12.1) ; python_version < \"3.8\"", "pytest-cov (==5.0.0) ; python_version == \"3.8\"", "pytest-cov (==6.0.0) ; python_version >= \"3.9\"", "pytest-mypy-plugins (==1.9.3) ; python_version >= \"3.6\" and python_version < \"3.8\"", "pytest-mypy-plugins (==3.1.0) ; python_version >= \"3.8\"", "sphinx-rtd-theme (==3.0.2) ; python_version >= \"3.11\"", "tox (==3.27.1) ; python_version < \"3.8\"", "tox (==4.23.2) ; python_version >= \"3.8\"", "twine (==6.0.1) ; python_version >= \"3.11\""]

[[package]]
name = "lz4"
version = "4.4.4"
description = "LZ4 Bindings for Python"
optional = false
python-versions = ">=3.9"
groups = ["main"]
files = [
    {file = "lz4-4.4.4-cp310-cp310-macosx_10_9_x86_64.whl", hash = "sha256:f170abb8416c4efca48e76cac2c86c3185efdf841aecbe5c190121c42828ced0"},
    {file = "lz4-4.4.4-cp310-cp310-macosx_11_0_arm64.whl", hash = "sha256:d33a5105cd96ebd32c3e78d7ece6123a9d2fb7c18b84dec61f27837d9e0c496c"},
    {file = "lz4-4.4.4-cp310-cp310-manylinux_2_17_aarch64.manylinux2014_aarch64.whl", hash = "sha256:30ebbc5b76b4f0018988825a7e9ce153be4f0d4eba34e6c1f2fcded120573e88"},
    {file = "lz4-4.4.4-cp310-cp310-manylinux_2_17_x86_64.manylinux2014_x86_64.whl", hash = "sha256:dc64d6dfa7a89397529b22638939e70d85eaedc1bd68e30a29c78bfb65d4f715"},
    {file = "lz4-4.4.4-cp310-cp310-manylinux_2_5_i686.manylinux1_i686.manylinux_2_17_i686.manylinux2014_i686.whl", hash = "sha256:a355223a284f42a723c120ce68827de66d5cb872a38732b3d5abbf544fa2fe26"},
    {file = "lz4-4.4.4-cp310-cp310-win32.whl", hash = "sha256:b28228197775b7b5096898851d59ef43ccaf151136f81d9c436bc9ba560bc2ba"},
    {file = "lz4-4.4.4-cp310-cp310-win_amd64.whl", hash = "sha256:45e7c954546de4f85d895aa735989d77f87dd649f503ce1c8a71a151b092ed36"},
    {file = "lz4-4.4.4-cp310-cp310-win_arm64.whl", hash = "sha256:e3fc90f766401684740978cd781d73b9685bd81b5dbf7257542ef9de4612e4d2"},
    {file = "lz4-4.4.4-cp311-cp311-macosx_10_9_x86_64.whl", hash = "sha256:ddfc7194cd206496c445e9e5b0c47f970ce982c725c87bd22de028884125b68f"},
    {file = "lz4-4.4.4-cp311-cp311-macosx_11_0_arm64.whl", hash = "sha256:714f9298c86f8e7278f1c6af23e509044782fa8220eb0260f8f8f1632f820550"},
    {file = "lz4-4.4.4-cp311-cp311-manylinux_2_17_aarch64.manylinux2014_aarch64.whl", hash = "sha256:a8474c91de47733856c6686df3c4aca33753741da7e757979369c2c0d32918ba"},
    {file = "lz4-4.4.4-cp311-cp311-manylinux_2_17_x86_64.manylinux2014_x86_64.whl", hash = "sha256:80dd27d7d680ea02c261c226acf1d41de2fd77af4fb2da62b278a9376e380de0"},
    {file = "lz4-4.4.4-cp311-cp311-manylinux_2_5_i686.manylinux1_i686.manylinux_2_17_i686.manylinux2014_i686.whl", hash = "sha256:9b7d6dddfd01b49aedb940fdcaf32f41dc58c926ba35f4e31866aeec2f32f4f4"},
    {file = "lz4-4.4.4-cp311-cp311-win32.whl", hash = "sha256:4134b9fd70ac41954c080b772816bb1afe0c8354ee993015a83430031d686a4c"},
    {file = "lz4-4.4.4-cp311-cp311-win_amd64.whl", hash = "sha256:f5024d3ca2383470f7c4ef4d0ed8eabad0b22b23eeefde1c192cf1a38d5e9f78"},
    {file = "lz4-4.4.4-cp311-cp311-win_arm64.whl", hash = "sha256:6ea715bb3357ea1665f77874cf8f55385ff112553db06f3742d3cdcec08633f7"},
    {file = "lz4-4.4.4-cp312-cp312-macosx_10_13_x86_64.whl", hash = "sha256:23ae267494fdd80f0d2a131beff890cf857f1b812ee72dbb96c3204aab725553"},
    {file = "lz4-4.4.4-cp312-cp312-macosx_11_0_arm64.whl", hash = "sha256:fff9f3a1ed63d45cb6514bfb8293005dc4141341ce3500abdfeb76124c0b9b2e"},
    {file = "lz4-4.4.4-cp312-cp312-manylinux_2_17_aarch64.manylinux2014_aarch64.whl", hash = "sha256:1ea7f07329f85a8eda4d8cf937b87f27f0ac392c6400f18bea2c667c8b7f8ecc"},
    {file = "lz4-4.4.4-cp312-cp312-manylinux_2_17_x86_64.manylinux2014_x86_64.whl", hash = "sha256:8ccab8f7f7b82f9fa9fc3b0ba584d353bd5aa818d5821d77d5b9447faad2aaad"},
    {file = "lz4-4.4.4-cp312-cp312-manylinux_2_5_i686.manylinux1_i686.manylinux_2_17_i686.manylinux2014_i686.whl", hash = "sha256:e43e9d48b2daf80e486213128b0763deed35bbb7a59b66d1681e205e1702d735"},
    {file = "lz4-4.4.4-cp312-cp312-win32.whl", hash = "sha256:33e01e18e4561b0381b2c33d58e77ceee850a5067f0ece945064cbaac2176962"},
    {file = "lz4-4.4.4-cp312-cp312-win_amd64.whl", hash = "sha256:d21d1a2892a2dcc193163dd13eaadabb2c1b803807a5117d8f8588b22eaf9f12"},
    {file = "lz4-4.4.4-cp312-cp312-win_arm64.whl", hash = "sha256:2f4f2965c98ab254feddf6b5072854a6935adab7bc81412ec4fe238f07b85f62"},
    {file = "lz4-4.4.4-cp313-cp313-macosx_10_13_x86_64.whl", hash = "sha256:ed6eb9f8deaf25ee4f6fad9625d0955183fdc90c52b6f79a76b7f209af1b6e54"},
    {file = "lz4-4.4.4-cp313-cp313-macosx_11_0_arm64.whl", hash = "sha256:18ae4fe3bafb344dbd09f976d45cbf49c05c34416f2462828f9572c1fa6d5af7"},
    {file = "lz4-4.4.4-cp313-cp313-manylinux_2_17_aarch64.manylinux2014_aarch64.whl", hash = "sha256:57fd20c5fc1a49d1bbd170836fccf9a338847e73664f8e313dce6ac91b8c1e02"},
    {file = "lz4-4.4.4-cp313-cp313-manylinux_2_17_x86_64.manylinux2014_x86_64.whl", hash = "sha256:e9cb387c33f014dae4db8cb4ba789c8d2a0a6d045ddff6be13f6c8d9def1d2a6"},
    {file = "lz4-4.4.4-cp313-cp313-manylinux_2_5_i686.manylinux1_i686.manylinux_2_17_i686.manylinux2014_i686.whl", hash = "sha256:d0be9f68240231e1e44118a4ebfecd8a5d4184f0bdf5c591c98dd6ade9720afd"},
    {file = "lz4-4.4.4-cp313-cp313-win32.whl", hash = "sha256:e9ec5d45ea43684f87c316542af061ef5febc6a6b322928f059ce1fb289c298a"},
    {file = "lz4-4.4.4-cp313-cp313-win_amd64.whl", hash = "sha256:a760a175b46325b2bb33b1f2bbfb8aa21b48e1b9653e29c10b6834f9bb44ead4"},
    {file = "lz4-4.4.4-cp313-cp313-win_arm64.whl", hash = "sha256:f4c21648d81e0dda38b4720dccc9006ae33b0e9e7ffe88af6bf7d4ec124e2fba"},
    {file = "lz4-4.4.4-cp39-cp39-macosx_10_9_x86_64.whl", hash = "sha256:bd1add57b6fe1f96bed2d529de085e9378a3ac04b86f116d10506f85b68e97fc"},
    {file = "lz4-4.4.4-cp39-cp39-macosx_11_0_arm64.whl", hash = "sha256:900912e8a7cf74b4a2bea18a3594ae0bf1138f99919c20017167b6e05f760aa4"},
    {file = "lz4-4.4.4-cp39-cp39-manylinux_2_17_aarch64.manylinux2014_aarch64.whl", hash = "sha256:017f8d269a739405a59d68a4d63d23a8df23e3bb2c70aa069b7563af08dfdffb"},
    {file = "lz4-4.4.4-cp39-cp39-manylinux_2_17_x86_64.manylinux2014_x86_64.whl", hash = "sha256:dac522788296a9a02a39f620970dea86c38e141e21e51238f1b5e9fa629f8e69"},
    {file = "lz4-4.4.4-cp39-cp39-manylinux_2_5_i686.manylinux1_i686.manylinux_2_17_i686.manylinux2014_i686.whl", hash = "sha256:6b56aa9eef830bf6443acd8c4e18b208a8993dc32e0d6ef4263ecfa6afb3f599"},
    {file = "lz4-4.4.4-cp39-cp39-win32.whl", hash = "sha256:585b42eb37ab16a278c3a917ec23b2beef175aa669f4120142b97aebf90ef775"},
    {file = "lz4-4.4.4-cp39-cp39-win_amd64.whl", hash = "sha256:4ab1537bd3b3bfbafd3c8847e06827129794488304f21945fc2f5b669649d94f"},
    {file = "lz4-4.4.4-cp39-cp39-win_arm64.whl", hash = "sha256:38730927ad51beb42ab8dbc5555270bfbe86167ba734265f88bbd799fced1004"},
    {file = "lz4-4.4.4.tar.gz", hash = "sha256:070fd0627ec4393011251a094e08ed9fdcc78cb4e7ab28f507638eee4e39abda"},
]

[package.extras]
docs = ["sphinx (>=1.6.0)", "sphinx_bootstrap_theme"]
flake8 = ["flake8"]
tests = ["psutil", "pytest (!=3.3.0)", "pytest-cov"]

[[package]]
name = "mypy"
version = "1.17.1"
description = "Optional static typing for Python"
optional = false
python-versions = ">=3.9"
groups = ["dev"]
files = [
    {file = "mypy-1.17.1-cp310-cp310-macosx_10_9_x86_64.whl", hash = "sha256:3fbe6d5555bf608c47203baa3e72dbc6ec9965b3d7c318aa9a4ca76f465bd972"},
    {file = "mypy-1.17.1-cp310-cp310-macosx_11_0_arm64.whl", hash = "sha256:80ef5c058b7bce08c83cac668158cb7edea692e458d21098c7d3bce35a5d43e7"},
    {file = "mypy-1.17.1-cp310-cp310-manylinux2014_aarch64.manylinux_2_17_aarch64.manylinux_2_28_aarch64.whl", hash = "sha256:c4a580f8a70c69e4a75587bd925d298434057fe2a428faaf927ffe6e4b9a98df"},
    {file = "mypy-1.17.1-cp310-cp310-manylinux2014_x86_64.manylinux_2_17_x86_64.manylinux_2_28_x86_64.whl", hash = "sha256:dd86bb649299f09d987a2eebb4d52d10603224500792e1bee18303bbcc1ce390"},
    {file = "mypy-1.17.1-cp310-cp310-musllinux_1_2_x86_64.whl", hash = "sha256:a76906f26bd8d51ea9504966a9c25419f2e668f012e0bdf3da4ea1526c534d94"},
    {file = "mypy-1.17.1-cp310-cp310-win_amd64.whl", hash = "sha256:e79311f2d904ccb59787477b7bd5d26f3347789c06fcd7656fa500875290264b"},
    {file = "mypy-1.17.1-cp311-cp311-macosx_10_9_x86_64.whl", hash = "sha256:ad37544be07c5d7fba814eb370e006df58fed8ad1ef33ed1649cb1889ba6ff58"},
    {file = "mypy-1.17.1-cp311-cp311-macosx_11_0_arm64.whl", hash = "sha256:064e2ff508e5464b4bd807a7c1625bc5047c5022b85c70f030680e18f37273a5"},
    {file = "mypy-1.17.1-cp311-cp311-manylinux2014_aarch64.manylinux_2_17_aarch64.manylinux_2_28_aarch64.whl", hash = "sha256:70401bbabd2fa1aa7c43bb358f54037baf0586f41e83b0ae67dd0534fc64edfd"},
    {file = "mypy-1.17.1-cp311-cp311-manylinux2014_x86_64.manylinux_2_17_x86_64.manylinux_2_28_x86_64.whl", hash = "sha256:e92bdc656b7757c438660f775f872a669b8ff374edc4d18277d86b63edba6b8b"},
    {file = "mypy-1.17.1-cp311-cp311-musllinux_1_2_x86_64.whl", hash = "sha256:c1fdf4abb29ed1cb091cf432979e162c208a5ac676ce35010373ff29247bcad5"},
    {file = "mypy-1.17.1-cp311-cp311-win_amd64.whl", hash = "sha256:ff2933428516ab63f961644bc49bc4cbe42bbffb2cd3b71cc7277c07d16b1a8b"},
    {file = "mypy-1.17.1-cp312-cp312-macosx_10_13_x86_64.whl", hash = "sha256:69e83ea6553a3ba79c08c6e15dbd9bfa912ec1e493bf75489ef93beb65209aeb"},
    {file = "mypy-1.17.1-cp312-cp312-macosx_11_0_arm64.whl", hash = "sha256:1b16708a66d38abb1e6b5702f5c2c87e133289da36f6a1d15f6a5221085c6403"},
    {file = "mypy-1.17.1-cp312-cp312-manylinux2014_aarch64.manylinux_2_17_aarch64.manylinux_2_28_aarch64.whl", hash = "sha256:89e972c0035e9e05823907ad5398c5a73b9f47a002b22359b177d40bdaee7056"},
    {file = "mypy-1.17.1-cp312-cp312-manylinux2014_x86_64.manylinux_2_17_x86_64.manylinux_2_28_x86_64.whl", hash = "sha256:03b6d0ed2b188e35ee6d5c36b5580cffd6da23319991c49ab5556c023ccf1341"},
    {file = "mypy-1.17.1-cp312-cp312-musllinux_1_2_x86_64.whl", hash = "sha256:c837b896b37cd103570d776bda106eabb8737aa6dd4f248451aecf53030cdbeb"},
    {file = "mypy-1.17.1-cp312-cp312-win_amd64.whl", hash = "sha256:665afab0963a4b39dff7c1fa563cc8b11ecff7910206db4b2e64dd1ba25aed19"},
    {file = "mypy-1.17.1-cp313-cp313-macosx_10_13_x86_64.whl", hash = "sha256:93378d3203a5c0800c6b6d850ad2f19f7a3cdf1a3701d3416dbf128805c6a6a7"},
    {file = "mypy-1.17.1-cp313-cp313-macosx_11_0_arm64.whl", hash = "sha256:15d54056f7fe7a826d897789f53dd6377ec2ea8ba6f776dc83c2902b899fee81"},
    {file = "mypy-1.17.1-cp313-cp313-manylinux2014_aarch64.manylinux_2_17_aarch64.manylinux_2_28_aarch64.whl", hash = "sha256:209a58fed9987eccc20f2ca94afe7257a8f46eb5df1fb69958650973230f91e6"},
    {file = "mypy-1.17.1-cp313-cp313-manylinux2014_x86_64.manylinux_2_17_x86_64.manylinux_2_28_x86_64.whl", hash = "sha256:099b9a5da47de9e2cb5165e581f158e854d9e19d2e96b6698c0d64de911dd849"},
    {file = "mypy-1.17.1-cp313-cp313-musllinux_1_2_x86_64.whl", hash = "sha256:fa6ffadfbe6994d724c5a1bb6123a7d27dd68fc9c059561cd33b664a79578e14"},
    {file = "mypy-1.17.1-cp313-cp313-win_amd64.whl", hash = "sha256:9a2b7d9180aed171f033c9f2fc6c204c1245cf60b0cb61cf2e7acc24eea78e0a"},
    {file = "mypy-1.17.1-cp314-cp314-macosx_10_13_x86_64.whl", hash = "sha256:15a83369400454c41ed3a118e0cc58bd8123921a602f385cb6d6ea5df050c733"},
    {file = "mypy-1.17.1-cp314-cp314-macosx_11_0_arm64.whl", hash = "sha256:55b918670f692fc9fba55c3298d8a3beae295c5cded0a55dccdc5bbead814acd"},
    {file = "mypy-1.17.1-cp314-cp314-manylinux2014_aarch64.manylinux_2_17_aarch64.manylinux_2_28_aarch64.whl", hash = "sha256:62761474061feef6f720149d7ba876122007ddc64adff5ba6f374fda35a018a0"},
    {file = "mypy-1.17.1-cp314-cp314-manylinux2014_x86_64.manylinux_2_17_x86_64.manylinux_2_28_x86_64.whl", hash = "sha256:c49562d3d908fd49ed0938e5423daed8d407774a479b595b143a3d7f87cdae6a"},
    {file = "mypy-1.17.1-cp314-cp314-musllinux_1_2_x86_64.whl", hash = "sha256:397fba5d7616a5bc60b45c7ed204717eaddc38f826e3645402c426057ead9a91"},
    {file = "mypy-1.17.1-cp314-cp314-win_amd64.whl", hash = "sha256:9d6b20b97d373f41617bd0708fd46aa656059af57f2ef72aa8c7d6a2b73b74ed"},
    {file = "mypy-1.17.1-cp39-cp39-macosx_10_9_x86_64.whl", hash = "sha256:5d1092694f166a7e56c805caaf794e0585cabdbf1df36911c414e4e9abb62ae9"},
    {file = "mypy-1.17.1-cp39-cp39-macosx_11_0_arm64.whl", hash = "sha256:79d44f9bfb004941ebb0abe8eff6504223a9c1ac51ef967d1263c6572bbebc99"},
    {file = "mypy-1.17.1-cp39-cp39-manylinux2014_aarch64.manylinux_2_17_aarch64.manylinux_2_28_aarch64.whl", hash = "sha256:b01586eed696ec905e61bd2568f48740f7ac4a45b3a468e6423a03d3788a51a8"},
    {file = "mypy-1.17.1-cp39-cp39-manylinux2014_x86_64.manylinux_2_17_x86_64.manylinux_2_28_x86_64.whl", hash = "sha256:43808d9476c36b927fbcd0b0255ce75efe1b68a080154a38ae68a7e62de8f0f8"},
    {file = "mypy-1.17.1-cp39-cp39-musllinux_1_2_x86_64.whl", hash = "sha256:feb8cc32d319edd5859da2cc084493b3e2ce5e49a946377663cc90f6c15fb259"},
    {file = "mypy-1.17.1-cp39-cp39-win_amd64.whl", hash = "sha256:d7598cf74c3e16539d4e2f0b8d8c318e00041553d83d4861f87c7a72e95ac24d"},
    {file = "mypy-1.17.1-py3-none-any.whl", hash = "sha256:a9f52c0351c21fe24c21d8c0eb1f62967b262d6729393397b6f443c3b773c3b9"},
    {file = "mypy-1.17.1.tar.gz", hash = "sha256:25e01ec741ab5bb3eec8ba9cdb0f769230368a22c959c4937360efb89b7e9f01"},
]

[package.dependencies]
mypy_extensions = ">=1.0.0"
pathspec = ">=0.9.0"
typing_extensions = ">=4.6.0"

[package.extras]
dmypy = ["psutil (>=4.0)"]
faster-cache = ["orjson"]
install-types = ["pip"]
mypyc = ["setuptools (>=50)"]
reports = ["lxml"]

[[package]]
name = "mypy-extensions"
version = "1.1.0"
description = "Type system extensions for programs checked with the mypy type checker."
optional = false
python-versions = ">=3.8"
groups = ["dev"]
files = [
    {file = "mypy_extensions-1.1.0-py3-none-any.whl", hash = "sha256:1be4cccdb0f2482337c4743e60421de3a356cd97508abadd57d47403e94f5505"},
    {file = "mypy_extensions-1.1.0.tar.gz", hash = "sha256:52e68efc3284861e772bbcd66823fde5ae21fd2fdb51c62a211403730b916558"},
]

[[package]]
name = "nexus-rpc"
version = "1.1.0"
description = "Nexus Python SDK"
optional = false
python-versions = ">=3.9"
groups = ["main"]
files = [
    {file = "nexus_rpc-1.1.0-py3-none-any.whl", hash = "sha256:d1b007af2aba186a27e736f8eaae39c03aed05b488084ff6c3d1785c9ba2ad38"},
    {file = "nexus_rpc-1.1.0.tar.gz", hash = "sha256:d65ad6a2f54f14e53ebe39ee30555eaeb894102437125733fb13034a04a44553"},
]

[package.dependencies]
typing-extensions = ">=4.12.2"

[[package]]
name = "nx"
version = "0.0.0"
description = ""
optional = false
python-versions = "*"
groups = ["main"]
files = [
    {file = "nx-0.0.0-py3-none-any.whl", hash = "sha256:5e434ddf4ded47ff83624db8cbc085022e7ba49a6c5d3214873823ceeff5a098"},
]

[[package]]
name = "packaging"
version = "25.0"
description = "Core utilities for Python packages"
optional = false
python-versions = ">=3.8"
groups = ["dev"]
files = [
    {file = "packaging-25.0-py3-none-any.whl", hash = "sha256:29572ef2b1f17581046b3a2227d5c611fb25ec70ca1ba8554b24b0e69331a484"},
    {file = "packaging-25.0.tar.gz", hash = "sha256:d443872c98d677bf60f6a1f2f8c1cb748e8fe762d2bf9d3148b5599295b0fc4f"},
]

[[package]]
name = "parso"
version = "0.8.5"
description = "A Python Parser"
optional = false
python-versions = ">=3.6"
groups = ["dev"]
files = [
    {file = "parso-0.8.5-py2.py3-none-any.whl", hash = "sha256:646204b5ee239c396d040b90f9e272e9a8017c630092bf59980beb62fd033887"},
    {file = "parso-0.8.5.tar.gz", hash = "sha256:034d7354a9a018bdce352f48b2a8a450f05e9d6ee85db84764e9b6bd96dafe5a"},
]

[package.extras]
qa = ["flake8 (==5.0.4)", "mypy (==0.971)", "types-setuptools (==67.2.0.1)"]
testing = ["docopt", "pytest"]

[[package]]
name = "pathspec"
version = "0.12.1"
description = "Utility library for gitignore style pattern matching of file paths."
optional = false
python-versions = ">=3.8"
groups = ["dev"]
files = [
    {file = "pathspec-0.12.1-py3-none-any.whl", hash = "sha256:a0d503e138a4c123b27490a4f7beda6a01c6f288df0e4a8b79c7eb0dc7b4cc08"},
    {file = "pathspec-0.12.1.tar.gz", hash = "sha256:a482d51503a1ab33b1c67a6c3813a26953dbdc71c31dacaef9a838c4e29f5712"},
]

[[package]]
name = "pebble"
version = "5.1.3"
description = "Threading and multiprocessing eye-candy."
optional = false
python-versions = ">=3.8"
groups = ["main"]
files = [
    {file = "Pebble-5.1.3-py3-none-any.whl", hash = "sha256:8b28b1ede25de4b0d9249516d5fd794c330f8f03b692debe374619317ed0bdd7"},
    {file = "pebble-5.1.3.tar.gz", hash = "sha256:9fdf00dde4abb09907817114ad8cf822836b6d6cc8f43a3f0ec741be276086e7"},
]

[[package]]
name = "pluggy"
version = "1.6.0"
description = "plugin and hook calling mechanisms for python"
optional = false
python-versions = ">=3.9"
groups = ["dev"]
files = [
    {file = "pluggy-1.6.0-py3-none-any.whl", hash = "sha256:e920276dd6813095e9377c0bc5566d94c932c33b27a3e3945d8389c374dd4746"},
    {file = "pluggy-1.6.0.tar.gz", hash = "sha256:7dcc130b76258d33b90f61b658791dede3486c3e6bfb003ee5c9bfb396dd22f3"},
]

[package.extras]
dev = ["pre-commit", "tox"]
testing = ["coverage", "pytest", "pytest-benchmark"]

[[package]]
name = "prompt-toolkit"
version = "3.0.52"
description = "Library for building powerful interactive command lines in Python"
optional = false
python-versions = ">=3.8"
groups = ["dev"]
files = [
    {file = "prompt_toolkit-3.0.52-py3-none-any.whl", hash = "sha256:9aac639a3bbd33284347de5ad8d68ecc044b91a762dc39b7c21095fcd6a19955"},
    {file = "prompt_toolkit-3.0.52.tar.gz", hash = "sha256:28cde192929c8e7321de85de1ddbe736f1375148b02f2e17edd840042b1be855"},
]

[package.dependencies]
wcwidth = "*"

[[package]]
name = "protobuf"
version = "6.32.1"
description = ""
optional = false
python-versions = ">=3.9"
groups = ["main"]
files = [
    {file = "protobuf-6.32.1-cp310-abi3-win32.whl", hash = "sha256:a8a32a84bc9f2aad712041b8b366190f71dde248926da517bde9e832e4412085"},
    {file = "protobuf-6.32.1-cp310-abi3-win_amd64.whl", hash = "sha256:b00a7d8c25fa471f16bc8153d0e53d6c9e827f0953f3c09aaa4331c718cae5e1"},
    {file = "protobuf-6.32.1-cp39-abi3-macosx_10_9_universal2.whl", hash = "sha256:d8c7e6eb619ffdf105ee4ab76af5a68b60a9d0f66da3ea12d1640e6d8dab7281"},
    {file = "protobuf-6.32.1-cp39-abi3-manylinux2014_aarch64.whl", hash = "sha256:2f5b80a49e1eb7b86d85fcd23fe92df154b9730a725c3b38c4e43b9d77018bf4"},
    {file = "protobuf-6.32.1-cp39-abi3-manylinux2014_x86_64.whl", hash = "sha256:b1864818300c297265c83a4982fd3169f97122c299f56a56e2445c3698d34710"},
    {file = "protobuf-6.32.1-cp39-cp39-win32.whl", hash = "sha256:68ff170bac18c8178f130d1ccb94700cf72852298e016a2443bdb9502279e5f1"},
    {file = "protobuf-6.32.1-cp39-cp39-win_amd64.whl", hash = "sha256:d0975d0b2f3e6957111aa3935d08a0eb7e006b1505d825f862a1fffc8348e122"},
    {file = "protobuf-6.32.1-py3-none-any.whl", hash = "sha256:2601b779fc7d32a866c6b4404f9d42a3f67c5b9f3f15b4db3cccabe06b95c346"},
    {file = "protobuf-6.32.1.tar.gz", hash = "sha256:ee2469e4a021474ab9baafea6cd070e5bf27c7d29433504ddea1a4ee5850f68d"},
]

[[package]]
name = "ptpython"
version = "3.0.31"
description = "Python REPL build on top of prompt_toolkit"
optional = false
python-versions = ">=3.8"
groups = ["dev"]
files = [
    {file = "ptpython-3.0.31-py3-none-any.whl", hash = "sha256:ddd25fadb6f2ecd4469a699c068d2dcd40d77c7105922569bba6dc79c0523458"},
    {file = "ptpython-3.0.31.tar.gz", hash = "sha256:4fed0be42bad01b7c299922cf262f51d8a77c9c8ab8e261c902e981a57439c13"},
]

[package.dependencies]
appdirs = "*"
jedi = ">=0.16.0"
prompt_toolkit = ">=3.0.43,<3.1.0"
pygments = "*"

[package.extras]
ptipython = ["ipython"]

[[package]]
name = "pycryptodomex"
version = "3.23.0"
description = "Cryptographic library for Python"
optional = false
python-versions = "!=3.0.*,!=3.1.*,!=3.2.*,!=3.3.*,!=3.4.*,!=3.5.*,!=3.6.*,>=2.7"
groups = ["main"]
files = [
    {file = "pycryptodomex-3.23.0-cp27-cp27m-macosx_10_9_x86_64.whl", hash = "sha256:add243d204e125f189819db65eed55e6b4713f70a7e9576c043178656529cec7"},
    {file = "pycryptodomex-3.23.0-cp27-cp27m-manylinux2010_i686.whl", hash = "sha256:1c6d919fc8429e5cb228ba8c0d4d03d202a560b421c14867a65f6042990adc8e"},
    {file = "pycryptodomex-3.23.0-cp27-cp27m-manylinux2010_x86_64.whl", hash = "sha256:1c3a65ad441746b250d781910d26b7ed0a396733c6f2dbc3327bd7051ec8a541"},
    {file = "pycryptodomex-3.23.0-cp27-cp27m-win32.whl", hash = "sha256:47f6d318fe864d02d5e59a20a18834819596c4ed1d3c917801b22b92b3ffa648"},
    {file = "pycryptodomex-3.23.0-cp27-cp27mu-manylinux2010_i686.whl", hash = "sha256:d9825410197a97685d6a1fa2a86196430b01877d64458a20e95d4fd00d739a08"},
    {file = "pycryptodomex-3.23.0-cp27-cp27mu-manylinux2010_x86_64.whl", hash = "sha256:267a3038f87a8565bd834317dbf053a02055915acf353bf42ededb9edaf72010"},
    {file = "pycryptodomex-3.23.0-cp313-cp313t-macosx_10_13_universal2.whl", hash = "sha256:7b37e08e3871efe2187bc1fd9320cc81d87caf19816c648f24443483005ff886"},
    {file = "pycryptodomex-3.23.0-cp313-cp313t-macosx_10_13_x86_64.whl", hash = "sha256:91979028227543010d7b2ba2471cf1d1e398b3f183cb105ac584df0c36dac28d"},
    {file = "pycryptodomex-3.23.0-cp313-cp313t-manylinux_2_17_aarch64.manylinux2014_aarch64.whl", hash = "sha256:6b8962204c47464d5c1c4038abeadd4514a133b28748bcd9fa5b6d62e3cec6fa"},
    {file = "pycryptodomex-3.23.0-cp313-cp313t-manylinux_2_17_x86_64.manylinux2014_x86_64.whl", hash = "sha256:a33986a0066860f7fcf7c7bd2bc804fa90e434183645595ae7b33d01f3c91ed8"},
    {file = "pycryptodomex-3.23.0-cp313-cp313t-manylinux_2_5_i686.manylinux1_i686.manylinux_2_17_i686.manylinux2014_i686.whl", hash = "sha256:c7947ab8d589e3178da3d7cdeabe14f841b391e17046954f2fbcd941705762b5"},
    {file = "pycryptodomex-3.23.0-cp313-cp313t-musllinux_1_2_aarch64.whl", hash = "sha256:c25e30a20e1b426e1f0fa00131c516f16e474204eee1139d1603e132acffc314"},
    {file = "pycryptodomex-3.23.0-cp313-cp313t-musllinux_1_2_i686.whl", hash = "sha256:da4fa650cef02db88c2b98acc5434461e027dce0ae8c22dd5a69013eaf510006"},
    {file = "pycryptodomex-3.23.0-cp313-cp313t-musllinux_1_2_x86_64.whl", hash = "sha256:58b851b9effd0d072d4ca2e4542bf2a4abcf13c82a29fd2c93ce27ee2a2e9462"},
    {file = "pycryptodomex-3.23.0-cp313-cp313t-win32.whl", hash = "sha256:a9d446e844f08299236780f2efa9898c818fe7e02f17263866b8550c7d5fb328"},
    {file = "pycryptodomex-3.23.0-cp313-cp313t-win_amd64.whl", hash = "sha256:bc65bdd9fc8de7a35a74cab1c898cab391a4add33a8fe740bda00f5976ca4708"},
    {file = "pycryptodomex-3.23.0-cp313-cp313t-win_arm64.whl", hash = "sha256:c885da45e70139464f082018ac527fdaad26f1657a99ee13eecdce0f0ca24ab4"},
    {file = "pycryptodomex-3.23.0-cp37-abi3-macosx_10_9_universal2.whl", hash = "sha256:06698f957fe1ab229a99ba2defeeae1c09af185baa909a31a5d1f9d42b1aaed6"},
    {file = "pycryptodomex-3.23.0-cp37-abi3-macosx_10_9_x86_64.whl", hash = "sha256:b2c2537863eccef2d41061e82a881dcabb04944c5c06c5aa7110b577cc487545"},
    {file = "pycryptodomex-3.23.0-cp37-abi3-manylinux_2_17_aarch64.manylinux2014_aarch64.whl", hash = "sha256:43c446e2ba8df8889e0e16f02211c25b4934898384c1ec1ec04d7889c0333587"},
    {file = "pycryptodomex-3.23.0-cp37-abi3-manylinux_2_17_x86_64.manylinux2014_x86_64.whl", hash = "sha256:f489c4765093fb60e2edafdf223397bc716491b2b69fe74367b70d6999257a5c"},
    {file = "pycryptodomex-3.23.0-cp37-abi3-manylinux_2_5_i686.manylinux1_i686.manylinux_2_17_i686.manylinux2014_i686.whl", hash = "sha256:bdc69d0d3d989a1029df0eed67cc5e8e5d968f3724f4519bd03e0ec68df7543c"},
    {file = "pycryptodomex-3.23.0-cp37-abi3-musllinux_1_2_aarch64.whl", hash = "sha256:6bbcb1dd0f646484939e142462d9e532482bc74475cecf9c4903d4e1cd21f003"},
    {file = "pycryptodomex-3.23.0-cp37-abi3-musllinux_1_2_i686.whl", hash = "sha256:8a4fcd42ccb04c31268d1efeecfccfd1249612b4de6374205376b8f280321744"},
    {file = "pycryptodomex-3.23.0-cp37-abi3-musllinux_1_2_x86_64.whl", hash = "sha256:55ccbe27f049743a4caf4f4221b166560d3438d0b1e5ab929e07ae1702a4d6fd"},
    {file = "pycryptodomex-3.23.0-cp37-abi3-win32.whl", hash = "sha256:189afbc87f0b9f158386bf051f720e20fa6145975f1e76369303d0f31d1a8d7c"},
    {file = "pycryptodomex-3.23.0-cp37-abi3-win_amd64.whl", hash = "sha256:52e5ca58c3a0b0bd5e100a9fbc8015059b05cffc6c66ce9d98b4b45e023443b9"},
    {file = "pycryptodomex-3.23.0-cp37-abi3-win_arm64.whl", hash = "sha256:02d87b80778c171445d67e23d1caef279bf4b25c3597050ccd2e13970b57fd51"},
    {file = "pycryptodomex-3.23.0-pp27-pypy_73-manylinux2010_x86_64.whl", hash = "sha256:febec69c0291efd056c65691b6d9a339f8b4bc43c6635b8699471248fe897fea"},
    {file = "pycryptodomex-3.23.0-pp27-pypy_73-win32.whl", hash = "sha256:c84b239a1f4ec62e9c789aafe0543f0594f0acd90c8d9e15bcece3efe55eca66"},
    {file = "pycryptodomex-3.23.0-pp310-pypy310_pp73-macosx_10_15_x86_64.whl", hash = "sha256:ebfff755c360d674306e5891c564a274a47953562b42fb74a5c25b8fc1fb1cb5"},
    {file = "pycryptodomex-3.23.0-pp310-pypy310_pp73-manylinux_2_17_aarch64.manylinux2014_aarch64.whl", hash = "sha256:eca54f4bb349d45afc17e3011ed4264ef1cc9e266699874cdd1349c504e64798"},
    {file = "pycryptodomex-3.23.0-pp310-pypy310_pp73-manylinux_2_17_x86_64.manylinux2014_x86_64.whl", hash = "sha256:4f2596e643d4365e14d0879dc5aafe6355616c61c2176009270f3048f6d9a61f"},
    {file = "pycryptodomex-3.23.0-pp310-pypy310_pp73-manylinux_2_5_i686.manylinux1_i686.manylinux_2_17_i686.manylinux2014_i686.whl", hash = "sha256:fdfac7cda115bca3a5abb2f9e43bc2fb66c2b65ab074913643803ca7083a79ea"},
    {file = "pycryptodomex-3.23.0-pp310-pypy310_pp73-win_amd64.whl", hash = "sha256:14c37aaece158d0ace436f76a7bb19093db3b4deade9797abfc39ec6cd6cc2fe"},
    {file = "pycryptodomex-3.23.0-pp39-pypy39_pp73-macosx_10_15_x86_64.whl", hash = "sha256:7de1e40a41a5d7f1ac42b6569b10bcdded34339950945948529067d8426d2785"},
    {file = "pycryptodomex-3.23.0-pp39-pypy39_pp73-manylinux_2_17_aarch64.manylinux2014_aarch64.whl", hash = "sha256:bffc92138d75664b6d543984db7893a628559b9e78658563b0395e2a5fb47ed9"},
    {file = "pycryptodomex-3.23.0-pp39-pypy39_pp73-manylinux_2_17_x86_64.manylinux2014_x86_64.whl", hash = "sha256:df027262368334552db2c0ce39706b3fb32022d1dce34673d0f9422df004b96a"},
    {file = "pycryptodomex-3.23.0-pp39-pypy39_pp73-manylinux_2_5_i686.manylinux1_i686.manylinux_2_17_i686.manylinux2014_i686.whl", hash = "sha256:4e79f1aaff5a3a374e92eb462fa9e598585452135012e2945f96874ca6eeb1ff"},
    {file = "pycryptodomex-3.23.0-pp39-pypy39_pp73-win_amd64.whl", hash = "sha256:27e13c80ac9a0a1d050ef0a7e0a18cc04c8850101ec891815b6c5a0375e8a245"},
    {file = "pycryptodomex-3.23.0.tar.gz", hash = "sha256:71909758f010c82bc99b0abf4ea12012c98962fbf0583c2164f8b84533c2e4da"},
]

[[package]]
name = "pygments"
version = "2.19.2"
description = "Pygments is a syntax highlighting package written in Python."
optional = false
python-versions = ">=3.8"
groups = ["dev"]
files = [
    {file = "pygments-2.19.2-py3-none-any.whl", hash = "sha256:86540386c03d588bb81d44bc3928634ff26449851e99741617ecb9037ee5ec0b"},
    {file = "pygments-2.19.2.tar.gz", hash = "sha256:636cb2477cec7f8952536970bc533bc43743542f70392ae026374600add5b887"},
]

[package.extras]
windows-terminal = ["colorama (>=0.4.6)"]

[[package]]
name = "pytest"
version = "8.4.2"
description = "pytest: simple powerful testing with Python"
optional = false
python-versions = ">=3.9"
groups = ["dev"]
files = [
    {file = "pytest-8.4.2-py3-none-any.whl", hash = "sha256:872f880de3fc3a5bdc88a11b39c9710c3497a547cfa9320bc3c5e62fbf272e79"},
    {file = "pytest-8.4.2.tar.gz", hash = "sha256:86c0d0b93306b961d58d62a4db4879f27fe25513d4b969df351abdddb3c30e01"},
]

[package.dependencies]
colorama = {version = ">=0.4", markers = "sys_platform == \"win32\""}
iniconfig = ">=1"
packaging = ">=20"
pluggy = ">=1.5,<2"
pygments = ">=2.7.2"

[package.extras]
dev = ["argcomplete", "attrs (>=19.2)", "hypothesis (>=3.56)", "mock", "requests", "setuptools", "xmlschema"]

[[package]]
name = "pytest-asyncio"
version = "1.1.0"
description = "Pytest support for asyncio"
optional = false
python-versions = ">=3.9"
groups = ["dev"]
files = [
    {file = "pytest_asyncio-1.1.0-py3-none-any.whl", hash = "sha256:5fe2d69607b0bd75c656d1211f969cadba035030156745ee09e7d71740e58ecf"},
    {file = "pytest_asyncio-1.1.0.tar.gz", hash = "sha256:796aa822981e01b68c12e4827b8697108f7205020f24b5793b3c41555dab68ea"},
]

[package.dependencies]
pytest = ">=8.2,<9"

[package.extras]
docs = ["sphinx (>=5.3)", "sphinx-rtd-theme (>=1)"]
testing = ["coverage (>=6.2)", "hypothesis (>=5.7.1)"]

[[package]]
name = "pywin32"
version = "311"
description = "Python for Window Extensions"
optional = false
python-versions = "*"
groups = ["main"]
markers = "platform_system == \"Windows\""
files = [
    {file = "pywin32-311-cp310-cp310-win32.whl", hash = "sha256:d03ff496d2a0cd4a5893504789d4a15399133fe82517455e78bad62efbb7f0a3"},
    {file = "pywin32-311-cp310-cp310-win_amd64.whl", hash = "sha256:797c2772017851984b97180b0bebe4b620bb86328e8a884bb626156295a63b3b"},
    {file = "pywin32-311-cp310-cp310-win_arm64.whl", hash = "sha256:0502d1facf1fed4839a9a51ccbcc63d952cf318f78ffc00a7e78528ac27d7a2b"},
    {file = "pywin32-311-cp311-cp311-win32.whl", hash = "sha256:184eb5e436dea364dcd3d2316d577d625c0351bf237c4e9a5fabbcfa5a58b151"},
    {file = "pywin32-311-cp311-cp311-win_amd64.whl", hash = "sha256:3ce80b34b22b17ccbd937a6e78e7225d80c52f5ab9940fe0506a1a16f3dab503"},
    {file = "pywin32-311-cp311-cp311-win_arm64.whl", hash = "sha256:a733f1388e1a842abb67ffa8e7aad0e70ac519e09b0f6a784e65a136ec7cefd2"},
    {file = "pywin32-311-cp312-cp312-win32.whl", hash = "sha256:750ec6e621af2b948540032557b10a2d43b0cee2ae9758c54154d711cc852d31"},
    {file = "pywin32-311-cp312-cp312-win_amd64.whl", hash = "sha256:b8c095edad5c211ff31c05223658e71bf7116daa0ecf3ad85f3201ea3190d067"},
    {file = "pywin32-311-cp312-cp312-win_arm64.whl", hash = "sha256:e286f46a9a39c4a18b319c28f59b61de793654af2f395c102b4f819e584b5852"},
    {file = "pywin32-311-cp313-cp313-win32.whl", hash = "sha256:f95ba5a847cba10dd8c4d8fefa9f2a6cf283b8b88ed6178fa8a6c1ab16054d0d"},
    {file = "pywin32-311-cp313-cp313-win_amd64.whl", hash = "sha256:718a38f7e5b058e76aee1c56ddd06908116d35147e133427e59a3983f703a20d"},
    {file = "pywin32-311-cp313-cp313-win_arm64.whl", hash = "sha256:7b4075d959648406202d92a2310cb990fea19b535c7f4a78d3f5e10b926eeb8a"},
    {file = "pywin32-311-cp314-cp314-win32.whl", hash = "sha256:b7a2c10b93f8986666d0c803ee19b5990885872a7de910fc460f9b0c2fbf92ee"},
    {file = "pywin32-311-cp314-cp314-win_amd64.whl", hash = "sha256:3aca44c046bd2ed8c90de9cb8427f581c479e594e99b5c0bb19b29c10fd6cb87"},
    {file = "pywin32-311-cp314-cp314-win_arm64.whl", hash = "sha256:a508e2d9025764a8270f93111a970e1d0fbfc33f4153b388bb649b7eec4f9b42"},
    {file = "pywin32-311-cp38-cp38-win32.whl", hash = "sha256:6c6f2969607b5023b0d9ce2541f8d2cbb01c4f46bc87456017cf63b73f1e2d8c"},
    {file = "pywin32-311-cp38-cp38-win_amd64.whl", hash = "sha256:c8015b09fb9a5e188f83b7b04de91ddca4658cee2ae6f3bc483f0b21a77ef6cd"},
    {file = "pywin32-311-cp39-cp39-win32.whl", hash = "sha256:aba8f82d551a942cb20d4a83413ccbac30790b50efb89a75e4f586ac0bb8056b"},
    {file = "pywin32-311-cp39-cp39-win_amd64.whl", hash = "sha256:e0c4cfb0621281fe40387df582097fd796e80430597cb9944f0ae70447bacd91"},
    {file = "pywin32-311-cp39-cp39-win_arm64.whl", hash = "sha256:62ea666235135fee79bb154e695f3ff67370afefd71bd7fea7512fc70ef31e3d"},
]

[[package]]
name = "ruff"
version = "0.12.12"
description = "An extremely fast Python linter and code formatter, written in Rust."
optional = false
python-versions = ">=3.7"
groups = ["dev"]
files = [
    {file = "ruff-0.12.12-py3-none-linux_armv6l.whl", hash = "sha256:de1c4b916d98ab289818e55ce481e2cacfaad7710b01d1f990c497edf217dafc"},
    {file = "ruff-0.12.12-py3-none-macosx_10_12_x86_64.whl", hash = "sha256:7acd6045e87fac75a0b0cdedacf9ab3e1ad9d929d149785903cff9bb69ad9727"},
    {file = "ruff-0.12.12-py3-none-macosx_11_0_arm64.whl", hash = "sha256:abf4073688d7d6da16611f2f126be86523a8ec4343d15d276c614bda8ec44edb"},
    {file = "ruff-0.12.12-py3-none-manylinux_2_17_aarch64.manylinux2014_aarch64.whl", hash = "sha256:968e77094b1d7a576992ac078557d1439df678a34c6fe02fd979f973af167577"},
    {file = "ruff-0.12.12-py3-none-manylinux_2_17_armv7l.manylinux2014_armv7l.whl", hash = "sha256:42a67d16e5b1ffc6d21c5f67851e0e769517fb57a8ebad1d0781b30888aa704e"},
    {file = "ruff-0.12.12-py3-none-manylinux_2_17_i686.manylinux2014_i686.whl", hash = "sha256:b216ec0a0674e4b1214dcc998a5088e54eaf39417327b19ffefba1c4a1e4971e"},
    {file = "ruff-0.12.12-py3-none-manylinux_2_17_ppc64.manylinux2014_ppc64.whl", hash = "sha256:59f909c0fdd8f1dcdbfed0b9569b8bf428cf144bec87d9de298dcd4723f5bee8"},
    {file = "ruff-0.12.12-py3-none-manylinux_2_17_ppc64le.manylinux2014_ppc64le.whl", hash = "sha256:9ac93d87047e765336f0c18eacad51dad0c1c33c9df7484c40f98e1d773876f5"},
    {file = "ruff-0.12.12-py3-none-manylinux_2_17_s390x.manylinux2014_s390x.whl", hash = "sha256:01543c137fd3650d322922e8b14cc133b8ea734617c4891c5a9fccf4bfc9aa92"},
    {file = "ruff-0.12.12-py3-none-manylinux_2_17_x86_64.manylinux2014_x86_64.whl", hash = "sha256:2afc2fa864197634e549d87fb1e7b6feb01df0a80fd510d6489e1ce8c0b1cc45"},
    {file = "ruff-0.12.12-py3-none-manylinux_2_31_riscv64.whl", hash = "sha256:0c0945246f5ad776cb8925e36af2438e66188d2b57d9cf2eed2c382c58b371e5"},
    {file = "ruff-0.12.12-py3-none-musllinux_1_2_aarch64.whl", hash = "sha256:a0fbafe8c58e37aae28b84a80ba1817f2ea552e9450156018a478bf1fa80f4e4"},
    {file = "ruff-0.12.12-py3-none-musllinux_1_2_armv7l.whl", hash = "sha256:b9c456fb2fc8e1282affa932c9e40f5ec31ec9cbb66751a316bd131273b57c23"},
    {file = "ruff-0.12.12-py3-none-musllinux_1_2_i686.whl", hash = "sha256:5f12856123b0ad0147d90b3961f5c90e7427f9acd4b40050705499c98983f489"},
    {file = "ruff-0.12.12-py3-none-musllinux_1_2_x86_64.whl", hash = "sha256:26a1b5a2bf7dd2c47e3b46d077cd9c0fc3b93e6c6cc9ed750bd312ae9dc302ee"},
    {file = "ruff-0.12.12-py3-none-win32.whl", hash = "sha256:173be2bfc142af07a01e3a759aba6f7791aa47acf3604f610b1c36db888df7b1"},
    {file = "ruff-0.12.12-py3-none-win_amd64.whl", hash = "sha256:e99620bf01884e5f38611934c09dd194eb665b0109104acae3ba6102b600fd0d"},
    {file = "ruff-0.12.12-py3-none-win_arm64.whl", hash = "sha256:2a8199cab4ce4d72d158319b63370abf60991495fb733db96cd923a34c52d093"},
    {file = "ruff-0.12.12.tar.gz", hash = "sha256:b86cd3415dbe31b3b46a71c598f4c4b2f550346d1ccf6326b347cc0c8fd063d6"},
]

[[package]]
name = "shadowcopy"
version = "0.0.4"
description = "A project for shadowcopy"
optional = false
python-versions = ">=3.7"
groups = ["main"]
markers = "platform_system == \"Windows\""
files = [
    {file = "shadowcopy-0.0.4-py3-none-any.whl", hash = "sha256:fc51e59a639dc6a5a3a7a9b4e3ecadc71989e339f2d995d90aaa491acd4ba4eb"},
    {file = "shadowcopy-0.0.4.tar.gz", hash = "sha256:ed89817dda065f893607a04c0b7d6b3b34c3507a4711f441111a4bcb1b1826c0"},
]

[package.dependencies]
wmi = "*"

[[package]]
name = "soupsieve"
version = "2.8"
description = "A modern CSS selector implementation for Beautiful Soup."
optional = false
python-versions = ">=3.9"
groups = ["main"]
files = [
    {file = "soupsieve-2.8-py3-none-any.whl", hash = "sha256:0cc76456a30e20f5d7f2e14a98a4ae2ee4e5abdc7c5ea0aafe795f344bc7984c"},
    {file = "soupsieve-2.8.tar.gz", hash = "sha256:e2dd4a40a628cb5f28f6d4b0db8800b8f581b65bb380b97de22ba5ca8d72572f"},
]

[[package]]
name = "temporalio"
version = "1.18.1"
description = "Temporal.io Python SDK"
optional = false
python-versions = ">=3.9"
groups = ["main"]
files = [
    {file = "temporalio-1.18.1-cp39-abi3-macosx_10_12_x86_64.whl", hash = "sha256:748c0ec9f48aa1ab612a58fe516d9be28c1dd98194f560fd28a2ab09c6e2ca5e"},
    {file = "temporalio-1.18.1-cp39-abi3-macosx_11_0_arm64.whl", hash = "sha256:5a789e7c483582d6d7dd49e7d2d2730d82dc94d9342fe71be76fa67afa4e6865"},
    {file = "temporalio-1.18.1-cp39-abi3-manylinux_2_17_aarch64.manylinux2014_aarch64.whl", hash = "sha256:a9f5cf75c4b887476a2b39d022a9c44c495f5eb1668087a022bd9258d3adddf9"},
    {file = "temporalio-1.18.1-cp39-abi3-manylinux_2_17_x86_64.manylinux2014_x86_64.whl", hash = "sha256:f28a69394bf18b4a1c22a6a784d348e93482858c505d054570b278f0f5e13e9c"},
    {file = "temporalio-1.18.1-cp39-abi3-win_amd64.whl", hash = "sha256:552b360f9ccdac8d5fc5d19c6578c2f6f634399ccc37439c4794aa58487f7fd5"},
    {file = "temporalio-1.18.1.tar.gz", hash = "sha256:46394498f8822e61b3ce70d6735de7618f5af0501fb90f3f90f4b4f9e7816d77"},
]

[package.dependencies]
nexus-rpc = "1.1.0"
protobuf = ">=3.20,<7.0.0"
types-protobuf = ">=3.20"
typing-extensions = ">=4.2.0,<5"

[package.extras]
grpc = ["grpcio (>=1.48.2,<2)"]
openai-agents = ["eval-type-backport (>=0.2.2) ; python_full_version < \"3.10.0\"", "mcp (>=1.9.4,<2) ; python_full_version >= \"3.10.0\"", "openai-agents (>=0.3,<0.4)"]
opentelemetry = ["opentelemetry-api (>=1.11.1,<2)", "opentelemetry-sdk (>=1.11.1,<2)"]
pydantic = ["pydantic (>=2.0.0,<3)"]

[[package]]
name = "types-protobuf"
version = "6.32.1.20250918"
description = "Typing stubs for protobuf"
optional = false
python-versions = ">=3.9"
groups = ["main"]
files = [
    {file = "types_protobuf-6.32.1.20250918-py3-none-any.whl", hash = "sha256:22ba6133d142d11cc34d3788ad6dead2732368ebb0406eaa7790ea6ae46c8d0b"},
    {file = "types_protobuf-6.32.1.20250918.tar.gz", hash = "sha256:44ce0ae98475909ca72379946ab61a4435eec2a41090821e713c17e8faf5b88f"},
]

[[package]]
name = "typing-extensions"
version = "4.15.0"
description = "Backported and Experimental Type Hints for Python 3.9+"
optional = false
python-versions = ">=3.9"
groups = ["main", "dev"]
files = [
    {file = "typing_extensions-4.15.0-py3-none-any.whl", hash = "sha256:f0fa19c6845758ab08074a0cfa8b7aecb71c999ca73d62883bc25cc018c4e548"},
    {file = "typing_extensions-4.15.0.tar.gz", hash = "sha256:0cea48d173cc12fa28ecabc3b837ea3cf6f38c6d1136f85cbaaf598984861466"},
]

[[package]]
name = "tzdata"
version = "2025.2"
description = "Provider of IANA time zone data"
optional = false
python-versions = ">=2"
groups = ["main"]
markers = "platform_system == \"Windows\""
files = [
    {file = "tzdata-2025.2-py2.py3-none-any.whl", hash = "sha256:1a403fada01ff9221ca8044d701868fa132215d84beb92242d9acd2147f667a8"},
    {file = "tzdata-2025.2.tar.gz", hash = "sha256:b60a638fcc0daffadf82fe0f57e53d06bdec2f36c4df66280ae79bce6bd6f2b9"},
]

[[package]]
name = "urllib3"
version = "2.5.0"
description = "HTTP library with thread-safe connection pooling, file post, and more."
optional = false
python-versions = ">=3.9"
groups = ["main"]
files = [
    {file = "urllib3-2.5.0-py3-none-any.whl", hash = "sha256:e6b01673c0fa6a13e374b50871808eb3bf7046c4b125b216f6bf1cc604cff0dc"},
    {file = "urllib3-2.5.0.tar.gz", hash = "sha256:3fc47733c7e419d4bc3f6b3dc2b4f890bb743906a30d56ba4a5bfa4bbff92760"},
]

[package.extras]
brotli = ["brotli (>=1.0.9) ; platform_python_implementation == \"CPython\"", "brotlicffi (>=0.8.0) ; platform_python_implementation != \"CPython\""]
h2 = ["h2 (>=4,<5)"]
socks = ["pysocks (>=1.5.6,!=1.5.7,<2.0)"]
zstd = ["zstandard (>=0.18.0)"]

[[package]]
name = "wcwidth"
version = "0.2.13"
description = "Measures the displayed width of unicode strings in a terminal"
optional = false
python-versions = "*"
groups = ["dev"]
files = [
    {file = "wcwidth-0.2.13-py2.py3-none-any.whl", hash = "sha256:3da69048e4540d84af32131829ff948f1e022c1c6bdb8d6102117aac784f6859"},
    {file = "wcwidth-0.2.13.tar.gz", hash = "sha256:72ea0c06399eb286d978fdedb6923a9eb47e1c486ce63e9b4e64fc18303972b5"},
]

[[package]]
name = "win32-setctime"
version = "1.2.0"
description = "A small Python utility to set file creation time on Windows"
optional = false
python-versions = ">=3.5"
groups = ["main"]
markers = "sys_platform == \"win32\""
files = [
    {file = "win32_setctime-1.2.0-py3-none-any.whl", hash = "sha256:95d644c4e708aba81dc3704a116d8cbc974d70b3bdb8be1d150e36be6e9d1390"},
    {file = "win32_setctime-1.2.0.tar.gz", hash = "sha256:ae1fdf948f5640aae05c511ade119313fb6a30d7eabe25fef9764dca5873c4c0"},
]

[package.extras]
dev = ["black (>=19.3b0) ; python_version >= \"3.6\"", "pytest (>=4.6.2)"]

[[package]]
name = "wmi"
version = "1.5.1"
description = "Windows Management Instrumentation"
optional = false
python-versions = "*"
groups = ["main"]
markers = "platform_system == \"Windows\""
files = [
    {file = "WMI-1.5.1-py2.py3-none-any.whl", hash = "sha256:1d6b085e5c445141c475476000b661f60fff1aaa19f76bf82b7abb92e0ff4942"},
    {file = "WMI-1.5.1.tar.gz", hash = "sha256:b6a6be5711b1b6c8d55bda7a8befd75c48c12b770b9d227d31c1737dbf0d40a6"},
]

[package.dependencies]
pywin32 = "*"

[package.extras]
all = ["pytest", "sphinx", "twine", "wheel"]
dev = ["pytest", "sphinx", "twine", "wheel"]
docs = ["sphinx"]
package = ["twine", "wheel"]
tests = ["pytest"]

[metadata]
lock-version = "2.1"
python-versions = ">=3.13,<4.0"
content-hash = "19ad51e8601e5672e4e338c3908b11f5642ed85dbcb95e648c527b22d6f8f08f"
